
Microsoft Visual Studio Solution File, Format Version 12.00
# Visual Studio Version 17
VisualStudioVersion = 17.2.32519.379
MinimumVisualStudioVersion = 10.0.40219.1
Project("{FAE04EC0-301F-11D3-BF4B-00C04F79EFBC}") = "ClasseAluno", "ClasseAluno.csproj", "{2D96D396-83C6-4DE1-81D3-A17CEA35FCB2}"
EndProject
Global
	GlobalSection(SolutionConfigurationPlatforms) = preSolution
		Debug|Any CPU = Debug|Any CPU
		Release|Any CPU = Release|Any CPU
	EndGlobalSection
	GlobalSection(ProjectConfigurationPlatforms) = postSolution
		{2D96D396-83C6-4DE1-81D3-A17CEA35FCB2}.Debug|Any CPU.ActiveCfg = Debug|Any CPU
		{2D96D396-83C6-4DE1-81D3-A17CEA35FCB2}.Debug|Any CPU.Build.0 = Debug|Any CPU
		{2D96D396-83C6-4DE1-81D3-A17CEA35FCB2}.Release|Any CPU.ActiveCfg = Release|Any CPU
		{2D96D396-83C6-4DE1-81D3-A17CEA35FCB2}.Release|Any CPU.Build.0 = Release|Any CPU
	EndGlobalSection
	GlobalSection(SolutionProperties) = preSolution
		HideSolutionNode = FALSE
	EndGlobalSection
	GlobalSection(ExtensibilityGlobals) = postSolution
		SolutionGuid = {0EDC60F4-AA77-4F39-BDC8-A3C56B3D1275}
	EndGlobalSection
EndGlobal
